
Microsoft Visual Studio Solution File, Format Version 12.00
# Visual Studio Version 16
VisualStudioVersion = 16.0.31025.194
MinimumVisualStudioVersion = 10.0.40219.1
Project("{888888A0-9F3D-457C-B088-3A5042F75D52}") = "lab_3", "lab_3.pyproj", "{AFA7D395-091C-4531-B15F-6FC1DEB1E1CF}"
EndProject
Global
	GlobalSection(SolutionConfigurationPlatforms) = preSolution
		Debug|Any CPU = Debug|Any CPU
		Release|Any CPU = Release|Any CPU
	EndGlobalSection
	GlobalSection(ProjectConfigurationPlatforms) = postSolution
		{AFA7D395-091C-4531-B15F-6FC1DEB1E1CF}.Debug|Any CPU.ActiveCfg = Debug|Any CPU
		{AFA7D395-091C-4531-B15F-6FC1DEB1E1CF}.Release|Any CPU.ActiveCfg = Release|Any CPU
	EndGlobalSection
	GlobalSection(SolutionProperties) = preSolution
		HideSolutionNode = FALSE
	EndGlobalSection
	GlobalSection(ExtensibilityGlobals) = postSolution
		SolutionGuid = {A8EFE345-1229-4FF5-8D1E-13548B0EADE7}
	EndGlobalSection
EndGlobal
